
Microsoft Visual Studio Solution File, Format Version 12.00
# Visual Studio Version 16
VisualStudioVersion = 16.0.29209.62
MinimumVisualStudioVersion = 10.0.40219.1
Project("{FAE04EC0-301F-11D3-BF4B-00C04F79EFBC}") = "ExchangeDemoApi", "ExchangeDemoApi\ExchangeDemoApi.csproj", "{593DD89A-5351-4C0B-958B-E7A75961D3BA}"
EndProject
Global
	GlobalSection(SolutionConfigurationPlatforms) = preSolution
		Debug|Any CPU = Debug|Any CPU
		Release|Any CPU = Release|Any CPU
	EndGlobalSection
	GlobalSection(ProjectConfigurationPlatforms) = postSolution
		{593DD89A-5351-4C0B-958B-E7A75961D3BA}.Debug|Any CPU.ActiveCfg = Debug|Any CPU
		{593DD89A-5351-4C0B-958B-E7A75961D3BA}.Debug|Any CPU.Build.0 = Debug|Any CPU
		{593DD89A-5351-4C0B-958B-E7A75961D3BA}.Release|Any CPU.ActiveCfg = Release|Any CPU
		{593DD89A-5351-4C0B-958B-E7A75961D3BA}.Release|Any CPU.Build.0 = Release|Any CPU
	EndGlobalSection
	GlobalSection(SolutionProperties) = preSolution
		HideSolutionNode = FALSE
	EndGlobalSection
	GlobalSection(ExtensibilityGlobals) = postSolution
		SolutionGuid = {3FC26B31-2335-4568-B667-8FBA1C61C682}
	EndGlobalSection
EndGlobal
